<Solution>
  <Folder Name="/Samples/">
    <Project Path="samples/Photinizer.OwnUI.Greetings/Photinizer.OwnUI.Greetings.csproj" DefaultStartup="true"/>
  </Folder>
  <Folder Name="/UI/">
    <Project Path="src/Photinizer.UI.Own/Photinizer.UI.Own.csproj" Id="b0ff3fe5-52a8-42d4-92ed-ebf5ad5cf76d" />
    <Project Path="src/Photinizer.UI.VueJS/Photinizer.UI.VueJS.csproj" Id="b56ceccc-63a1-4418-a4ed-eed4e6046fed" />
  </Folder>
  <Project Path="src/Photinizer/Photinizer.csproj" />
</Solution>