<Solution>
  <Folder Name="/Samples/">
    <Project Path="samples/Photinizer.OwnUI.Minimal/Photinizer.OwnUI.Minimal.csproj" />
    <Project Path="samples/Photinizer.OwnUI.MultiWindow/Photinizer.OwnUI.MultiWindow.csproj" />
  </Folder>
  <Folder Name="/Build/">
    <Project Path="src/Photinizer.Build.Own/Photinizer.Build.Own.csproj" />
    <Project Path="src/Photinizer.Build.VueJS/Photinizer.Build.VueJS.csproj" />
    <Project Path="src/Photinizer.Cli/Photinizer.Cli.csproj" />
  </Folder>
  <Folder Name="/Data/">
    <Project Path="src/Photinizer.CRUD/Photinizer.CRUD.csproj" />
  </Folder>
  <Project Path="src/Photinizer.SourceGenerator/Photinizer.SourceGenerator.csproj" />
  <Project Path="src/Photinizer/Photinizer.csproj" />
  <Folder Name="/Solution Items/">
    <File Path=".editorconfig" />
    <File Path="Directory.Build.props" />
  </Folder>
</Solution>