
Microsoft Visual Studio Solution File, Format Version 12.00
# Visual Studio Version 17
VisualStudioVersion = 17.9.34607.119
MinimumVisualStudioVersion = 10.0.40219.1
Project("{9A19103F-16F7-4668-BE54-9A1E7A4F7556}") = "PhotinizerNET.App", "src\PhotinizerNET.App\PhotinizerNET.App.csproj", "{40DAD816-954D-4F44-8ED3-08034B91E467}"
EndProject
Project("{9A19103F-16F7-4668-BE54-9A1E7A4F7556}") = "PhotinizerNET.Lib", "src\PhotinizerNET.Lib\PhotinizerNET.Lib.csproj", "{89024E7A-DC18-4070-8BE2-C7C9C4A1A6E5}"
EndProject
Global
	GlobalSection(SolutionConfigurationPlatforms) = preSolution
		Debug|Any CPU = Debug|Any CPU
		Release|Any CPU = Release|Any CPU
	EndGlobalSection
	GlobalSection(ProjectConfigurationPlatforms) = postSolution
		{89024E7A-DC18-4070-8BE2-C7C9C4A1A6E5}.Debug|Any CPU.ActiveCfg = Debug|Any CPU
		{89024E7A-DC18-4070-8BE2-C7C9C4A1A6E5}.Debug|Any CPU.Build.0 = Debug|Any CPU
		{89024E7A-DC18-4070-8BE2-C7C9C4A1A6E5}.Release|Any CPU.ActiveCfg = Release|Any CPU
		{89024E7A-DC18-4070-8BE2-C7C9C4A1A6E5}.Release|Any CPU.Build.0 = Release|Any CPU
		{40DAD816-954D-4F44-8ED3-08034B91E467}.Debug|Any CPU.ActiveCfg = Debug|Any CPU
		{40DAD816-954D-4F44-8ED3-08034B91E467}.Debug|Any CPU.Build.0 = Debug|Any CPU
		{40DAD816-954D-4F44-8ED3-08034B91E467}.Release|Any CPU.ActiveCfg = Release|Any CPU
		{40DAD816-954D-4F44-8ED3-08034B91E467}.Release|Any CPU.Build.0 = Release|Any CPU
	EndGlobalSection
	GlobalSection(SolutionProperties) = preSolution
		HideSolutionNode = FALSE
	EndGlobalSection
	GlobalSection(ExtensibilityGlobals) = postSolution
		SolutionGuid = {CCA259B7-629E-4129-BC9A-886C2B1E21C0}
	EndGlobalSection
EndGlobal
